// !$*UTF8*$!
{
	archiveVersion = 1;
	classes = {
	};
	objectVersion = 50;
	objects = {

/* Begin PBXBuildFile section */
		DD3223B023C631AE0037AE9C /* AppDelegate.swift in Sources */ = {isa = PBXBuildFile; fileRef = DD3223AF23C631AE0037AE9C /* AppDelegate.swift */; };
		DD3223B223C631AE0037AE9C /* SceneDelegate.swift in Sources */ = {isa = PBXBuildFile; fileRef = DD3223B123C631AE0037AE9C /* SceneDelegate.swift */; };
		DD3223B423C631AE0037AE9C /* ConcentrationViewController.swift in Sources */ = {isa = PBXBuildFile; fileRef = DD3223B323C631AE0037AE9C /* ConcentrationViewController.swift */; };
		DD3223B723C631AE0037AE9C /* Main.storyboard in Resources */ = {isa = PBXBuildFile; fileRef = DD3223B523C631AE0037AE9C /* Main.storyboard */; };
		DD3223B923C631AF0037AE9C /* Assets.xcassets in Resources */ = {isa = PBXBuildFile; fileRef = DD3223B823C631AF0037AE9C /* Assets.xcassets */; };
		DD3223BC23C631AF0037AE9C /* LaunchScreen.storyboard in Resources */ = {isa = PBXBuildFile; fileRef = DD3223BA23C631AF0037AE9C /* LaunchScreen.storyboard */; };
		DD8EDB3623D328EA00C66B32 /* Card.swift in Sources */ = {isa = PBXBuildFile; fileRef = DD8EDB3523D328EA00C66B32 /* Card.swift */; };
		DDE2CF7623D0DBA50061739A /* Concentration.swift in Sources */ = {isa = PBXBuildFile; fileRef = DDE2CF7523D0DBA50061739A /* Concentration.swift */; };
		F1497F09240F974600CAD190 /* ConcentrationThemeViewController.swift in Sources */ = {isa = PBXBuildFile; fileRef = F1497F08240F974600CAD190 /* ConcentrationThemeViewController.swift */; };
/* End PBXBuildFile section */

/* Begin PBXFileReference section */
		DD3223AC23C631AE0037AE9C /* Prueba.app */ = {isa = PBXFileReference; explicitFileType = wrapper.application; includeInIndex = 0; path = Prueba.app; sourceTree = BUILT_PRODUCTS_DIR; };
		DD3223AF23C631AE0037AE9C /* AppDelegate.swift */ = {isa = PBXFileReference; lastKnownFileType = sourcecode.swift; path = AppDelegate.swift; sourceTree = "<group>"; };
		DD3223B123C631AE0037AE9C /* SceneDelegate.swift */ = {isa = PBXFileReference; lastKnownFileType = sourcecode.swift; path = SceneDelegate.swift; sourceTree = "<group>"; };
		DD3223B323C631AE0037AE9C /* ConcentrationViewController.swift */ = {isa = PBXFileReference; lastKnownFileType = sourcecode.swift; path = ConcentrationViewController.swift; sourceTree = "<group>"; };
		DD3223B623C631AE0037AE9C /* Base */ = {isa = PBXFileReference; lastKnownFileType = file.storyboard; name = Base; path = Base.lproj/Main.storyboard; sourceTree = "<group>"; };
		DD3223B823C631AF0037AE9C /* Assets.xcassets */ = {isa = PBXFileReference; lastKnownFileType = folder.assetcatalog; path = Assets.xcassets; sourceTree = "<group>"; };
		DD3223BB23C631AF0037AE9C /* Base */ = {isa = PBXFileReference; lastKnownFileType = file.storyboard; name = Base; path = Base.lproj/LaunchScreen.storyboard; sourceTree = "<group>"; };
		DD3223BD23C631AF0037AE9C /* Info.plist */ = {isa = PBXFileReference; lastKnownFileType = text.plist.xml; path = Info.plist; sourceTree = "<group>"; };
		DD8EDB3523D328EA00C66B32 /* Card.swift */ = {isa = PBXFileReference; lastKnownFileType = sourcecode.swift; path = Card.swift; sourceTree = "<group>"; };
		DDE2CF7523D0DBA50061739A /* Concentration.swift */ = {isa = PBXFileReference; lastKnownFileType = sourcecode.swift; path = Concentration.swift; sourceTree = SOURCE_ROOT; };
		F1497F08240F974600CAD190 /* ConcentrationThemeViewController.swift */ = {isa = PBXFileReference; lastKnownFileType = sourcecode.swift; path = ConcentrationThemeViewController.swift; sourceTree = "<group>"; };
/* End PBXFileReference section */

/* Begin PBXFrameworksBuildPhase section */
		DD3223A923C631AE0037AE9C /* Frameworks */ = {
			isa = PBXFrameworksBuildPhase;
			buildActionMask = 2147483647;
			files = (
			);
			runOnlyForDeploymentPostprocessing = 0;
		};
/* End PBXFrameworksBuildPhase section */

/* Begin PBXGroup section */
		DD3223A323C631AE0037AE9C = {
			isa = PBXGroup;
			children = (
				DD3223AE23C631AE0037AE9C /* Prueba */,
				DD3223AD23C631AE0037AE9C /* Products */,
			);
			sourceTree = "<group>";
		};
		DD3223AD23C631AE0037AE9C /* Products */ = {
			isa = PBXGroup;
			children = (
				DD3223AC23C631AE0037AE9C /* Prueba.app */,
			);
			name = Products;
			sourceTree = "<group>";
		};
		DD3223AE23C631AE0037AE9C /* Prueba */ = {
			isa = PBXGroup;
			children = (
				DDE2CF7523D0DBA50061739A /* Concentration.swift */,
				DD3223AF23C631AE0037AE9C /* AppDelegate.swift */,
				DD3223B123C631AE0037AE9C /* SceneDelegate.swift */,
				DD3223B323C631AE0037AE9C /* ConcentrationViewController.swift */,
				DD3223B523C631AE0037AE9C /* Main.storyboard */,
				F1497F08240F974600CAD190 /* ConcentrationThemeViewController.swift */,
				DD3223B823C631AF0037AE9C /* Assets.xcassets */,
				DD3223BA23C631AF0037AE9C /* LaunchScreen.storyboard */,
				DD3223BD23C631AF0037AE9C /* Info.plist */,
				DD8EDB3523D328EA00C66B32 /* Card.swift */,
			);
			path = Prueba;
			sourceTree = "<group>";
		};
/* End PBXGroup section */

/* Begin PBXNativeTarget section */
		DD3223AB23C631AE0037AE9C /* Prueba */ = {
			isa = PBXNativeTarget;
			buildConfigurationList = DD3223C023C631AF0037AE9C /* Build configuration list for PBXNativeTarget "Prueba" */;
			buildPhases = (
				DD3223A823C631AE0037AE9C /* Sources */,
				DD3223A923C631AE0037AE9C /* Frameworks */,
				DD3223AA23C631AE0037AE9C /* Resources */,
			);
			buildRules = (
			);
			dependencies = (
			);
			name = Prueba;
			productName = Prueba;
			productReference = DD3223AC23C631AE0037AE9C /* Prueba.app */;
			productType = "com.apple.product-type.application";
		};
/* End PBXNativeTarget section */

/* Begin PBXProject section */
		DD3223A423C631AE0037AE9C /* Project object */ = {
			isa = PBXProject;
			attributes = {
				LastSwiftUpdateCheck = 1130;
				LastUpgradeCheck = 1130;
				ORGANIZATIONNAME = "Diego Dominguez";
				TargetAttributes = {
					DD3223AB23C631AE0037AE9C = {
						CreatedOnToolsVersion = 11.3;
					};
				};
			};
			buildConfigurationList = DD3223A723C631AE0037AE9C /* Build configuration list for PBXProject "Prueba" */;
			compatibilityVersion = "Xcode 9.3";
			developmentRegion = en;
			hasScannedForEncodings = 0;
			knownRegions = (
				en,
				Base,
			);
			mainGroup = DD3223A323C631AE0037AE9C;
			productRefGroup = DD3223AD23C631AE0037AE9C /* Products */;
			projectDirPath = "";
			projectRoot = "";
			targets = (
				DD3223AB23C631AE0037AE9C /* Prueba */,
			);
		};
/* End PBXProject section */

/* Begin PBXResourcesBuildPhase section */
		DD3223AA23C631AE0037AE9C /* Resources */ = {
			isa = PBXResourcesBuildPhase;
			buildActionMask = 2147483647;
			files = (
				DD3223BC23C631AF0037AE9C /* LaunchScreen.storyboard in Resources */,
				DD3223B923C631AF0037AE9C /* Assets.xcassets in Resources */,
				DD3223B723C631AE0037AE9C /* Main.storyboard in Resources */,
			);
			runOnlyForDeploymentPostprocessing = 0;
		};
/* End PBXResourcesBuildPhase section */

/* Begin PBXSourcesBuildPhase section */
		DD3223A823C631AE0037AE9C /* Sources */ = {
			isa = PBXSourcesBuildPhase;
			buildActionMask = 2147483647;
			files = (
				F1497F09240F974600CAD190 /* ConcentrationThemeViewController.swift in Sources */,
				DD3223B423C631AE0037AE9C /* ConcentrationViewController.swift in Sources */,
				DDE2CF7623D0DBA50061739A /* Concentration.swift in Sources */,
				DD8EDB3623D328EA00C66B32 /* Card.swift in Sources */,
				DD3223B023C631AE0037AE9C /* AppDelegate.swift in Sources */,
				DD3223B223C631AE0037AE9C /* SceneDelegate.swift in Sources */,
			);
			runOnlyForDeploymentPostprocessing = 0;
		};
/* End PBXSourcesBuildPhase section */

/* Begin PBXVariantGroup section */
		DD3223B523C631AE0037AE9C /* Main.storyboard */ = {
			isa = PBXVariantGroup;
			children = (
				DD3223B623C631AE0037AE9C /* Base */,
			);
			name = Main.storyboard;
			sourceTree = "<group>";
		};
		DD3223BA23C631AF0037AE9C /* LaunchScreen.storyboard */ = {
			isa = PBXVariantGroup;
			children = (
				DD3223BB23C631AF0037AE9C /* Base */,
			);
			name = LaunchScreen.storyboard;
			sourceTree = "<group>";
		};
/* End PBXVariantGroup section */

/* Begin XCBuildConfiguration section */
		DD3223BE23C631AF0037AE9C /* Debug */ = {
			isa = XCBuildConfiguration;
			buildSettings = {
				ALWAYS_SEARCH_USER_PATHS = NO;
				CLANG_ANALYZER_NONNULL = YES;
				CLANG_ANALYZER_NUMBER_OBJECT_CONVERSION = YES_AGGRESSIVE;
				CLANG_CXX_LANGUAGE_STANDARD = "gnu++14";
				CLANG_CXX_LIBRARY = "libc++";
				CLANG_ENABLE_MODULES = YES;
				CLANG_ENABLE_OBJC_ARC = YES;
				CLANG_ENABLE_OBJC_WEAK = YES;
				CLANG_WARN_BLOCK_CAPTURE_AUTORELEASING = YES;
				CLANG_WARN_BOOL_CONVERSION = YES;
				CLANG_WARN_COMMA = YES;
				CLANG_WARN_CONSTANT_CONVERSION = YES;
				CLANG_WARN_DEPRECATED_OBJC_IMPLEMENTATIONS = YES;
				CLANG_WARN_DIRECT_OBJC_ISA_USAGE = YES_ERROR;
				CLANG_WARN_DOCUMENTATION_COMMENTS = YES;
				CLANG_WARN_EMPTY_BODY = YES;
				CLANG_WARN_ENUM_CONVERSION = YES;
				CLANG_WARN_INFINITE_RECURSION = YES;
				CLANG_WARN_INT_CONVERSION = YES;
				CLANG_WARN_NON_LITERAL_NULL_CONVERSION = YES;
				CLANG_WARN_OBJC_IMPLICIT_RETAIN_SELF = YES;
				CLANG_WARN_OBJC_LITERAL_CONVERSION = YES;
				CLANG_WARN_OBJC_ROOT_CLASS = YES_ERROR;
				CLANG_WARN_RANGE_LOOP_ANALYSIS = YES;
				CLANG_WARN_STRICT_PROTOTYPES = YES;
				CLANG_WARN_SUSPICIOUS_MOVE = YES;
				CLANG_WARN_UNGUARDED_AVAILABILITY = YES_AGGRESSIVE;
				CLANG_WARN_UNREACHABLE_CODE = YES;
				CLANG_WARN__DUPLICATE_METHOD_MATCH = YES;
				COPY_PHASE_STRIP = NO;
				DEBUG_INFORMATION_FORMAT = dwarf;
				ENABLE_STRICT_OBJC_MSGSEND = YES;
				ENABLE_TESTABILITY = YES;
				GCC_C_LANGUAGE_STANDARD = gnu11;
				GCC_DYNAMIC_NO_PIC = NO;
				GCC_NO_COMMON_BLOCKS = YES;
				GCC_OPTIMIZATION_LEVEL = 0;
				GCC_PREPROCESSOR_DEFINITIONS = (
					"DEBUG=1",
					"$(inherited)",
				);
				GCC_WARN_64_TO_32_BIT_CONVERSION = YES;
				GCC_WARN_ABOUT_RETURN_TYPE = YES_ERROR;
				GCC_WARN_UNDECLARED_SELECTOR = YES;
				GCC_WARN_UNINITIALIZED_AUTOS = YES_AGGRESSIVE;
				GCC_WARN_UNUSED_FUNCTION = YES;
				GCC_WARN_UNUSED_VARIABLE = YES;
				IPHONEOS_DEPLOYMENT_TARGET = 13.2;
				MTL_ENABLE_DEBUG_INFO = INCLUDE_SOURCE;
				MTL_FAST_MATH = YES;
				ONLY_ACTIVE_ARCH = YES;
				SDKROOT = iphoneos;
				SWIFT_ACTIVE_COMPILATION_CONDITIONS = DEBUG;
				SWIFT_OPTIMIZATION_LEVEL = "-Onone";
			};
			name = Debug;
		};
		DD3223BF23C631AF0037AE9C /* Release */ = {
			isa = XCBuildConfiguration;
			buildSettings = {
				ALWAYS_SEARCH_USER_PATHS = NO;
				CLANG_ANALYZER_NONNULL = YES;
				CLANG_ANALYZER_NUMBER_OBJECT_CONVERSION = YES_AGGRESSIVE;
				CLANG_CXX_LANGUAGE_STANDARD = "gnu++14";
				CLANG_CXX_LIBRARY = "libc++";
				CLANG_ENABLE_MODULES = YES;
				CLANG_ENABLE_OBJC_ARC = YES;
				CLANG_ENABLE_OBJC_WEAK = YES;
				CLANG_WARN_BLOCK_CAPTURE_AUTORELEASING = YES;
				CLANG_WARN_BOOL_CONVERSION = YES;
				CLANG_WARN_COMMA = YES;
				CLANG_WARN_CONSTANT_CONVERSION = YES;
				CLANG_WARN_DEPRECATED_OBJC_IMPLEMENTATIONS = YES;
				CLANG_WARN_DIRECT_OBJC_ISA_USAGE = YES_ERROR;
				CLANG_WARN_DOCUMENTATION_COMMENTS = YES;
				CLANG_WARN_EMPTY_BODY = YES;
				CLANG_WARN_ENUM_CONVERSION = YES;
				CLANG_WARN_INFINITE_RECURSION = YES;
				CLANG_WARN_INT_CONVERSION = YES;
				CLANG_WARN_NON_LITERAL_NULL_CONVERSION = YES;
				CLANG_WARN_OBJC_IMPLICIT_RETAIN_SELF = YES;
				CLANG_WARN_OBJC_LITERAL_CONVERSION = YES;
				CLANG_WARN_OBJC_ROOT_CLASS = YES_ERROR;
				CLANG_WARN_RANGE_LOOP_ANALYSIS = YES;
				CLANG_WARN_STRICT_PROTOTYPES = YES;
				CLANG_WARN_SUSPICIOUS_MOVE = YES;
				CLANG_WARN_UNGUARDED_AVAILABILITY = YES_AGGRESSIVE;
				CLANG_WARN_UNREACHABLE_CODE = YES;
				CLANG_WARN__DUPLICATE_METHOD_MATCH = YES;
				COPY_PHASE_STRIP = NO;
				DEBUG_INFORMATION_FORMAT = "dwarf-with-dsym";
				ENABLE_NS_ASSERTIONS = NO;
				ENABLE_STRICT_OBJC_MSGSEND = YES;
				GCC_C_LANGUAGE_STANDARD = gnu11;
				GCC_NO_COMMON_BLOCKS = YES;
				GCC_WARN_64_TO_32_BIT_CONVERSION = YES;
				GCC_WARN_ABOUT_RETURN_TYPE = YES_ERROR;
				GCC_WARN_UNDECLARED_SELECTOR = YES;
				GCC_WARN_UNINITIALIZED_AUTOS = YES_AGGRESSIVE;
				GCC_WARN_UNUSED_FUNCTION = YES;
				GCC_WARN_UNUSED_VARIABLE = YES;
				IPHONEOS_DEPLOYMENT_TARGET = 13.2;
				MTL_ENABLE_DEBUG_INFO = NO;
				MTL_FAST_MATH = YES;
				SDKROOT = iphoneos;
				SWIFT_COMPILATION_MODE = wholemodule;
				SWIFT_OPTIMIZATION_LEVEL = "-O";
				VALIDATE_PRODUCT = YES;
			};
			name = Release;
		};
		DD3223C123C631AF0037AE9C /* Debug */ = {
			isa = XCBuildConfiguration;
			buildSettings = {
				ASSETCATALOG_COMPILER_APPICON_NAME = AppIcon;
				CODE_SIGN_STYLE = Automatic;
				DEVELOPMENT_TEAM = SG8T59GWGT;
				INFOPLIST_FILE = Prueba/Info.plist;
				LD_RUNPATH_SEARCH_PATHS = (
					"$(inherited)",
					"@executable_path/Frameworks",
				);
				PRODUCT_BUNDLE_IDENTIFIER = DiegoDominguez.Prueba;
				PRODUCT_NAME = "$(TARGET_NAME)";
				SWIFT_VERSION = 5.0;
				TARGETED_DEVICE_FAMILY = "1,2";
			};
			name = Debug;
		};
		DD3223C223C631AF0037AE9C /* Release */ = {
			isa = XCBuildConfiguration;
			buildSettings = {
				ASSETCATALOG_COMPILER_APPICON_NAME = AppIcon;
				CODE_SIGN_STYLE = Automatic;
				DEVELOPMENT_TEAM = SG8T59GWGT;
				INFOPLIST_FILE = Prueba/Info.plist;
				LD_RUNPATH_SEARCH_PATHS = (
					"$(inherited)",
					"@executable_path/Frameworks",
				);
				PRODUCT_BUNDLE_IDENTIFIER = DiegoDominguez.Prueba;
				PRODUCT_NAME = "$(TARGET_NAME)";
				SWIFT_VERSION = 5.0;
				TARGETED_DEVICE_FAMILY = "1,2";
			};
			name = Release;
		};
/* End XCBuildConfiguration section */

/* Begin XCConfigurationList section */
		DD3223A723C631AE0037AE9C /* Build configuration list for PBXProject "Prueba" */ = {
			isa = XCConfigurationList;
			buildConfigurations = (
				DD3223BE23C631AF0037AE9C /* Debug */,
				DD3223BF23C631AF0037AE9C /* Release */,
			);
			defaultConfigurationIsVisible = 0;
			defaultConfigurationName = Release;
		};
		DD3223C023C631AF0037AE9C /* Build configuration list for PBXNativeTarget "Prueba" */ = {
			isa = XCConfigurationList;
			buildConfigurations = (
				DD3223C123C631AF0037AE9C /* Debug */,
				DD3223C223C631AF0037AE9C /* Release */,
			);
			defaultConfigurationIsVisible = 0;
			defaultConfigurationName = Release;
		};
/* End XCConfigurationList section */
	};
	rootObject = DD3223A423C631AE0037AE9C /* Project object */;
}
